
Microsoft Visual Studio Solution File, Format Version 12.00
# Visual Studio Version 17
VisualStudioVersion = 17.12.35707.178 d17.12
MinimumVisualStudioVersion = 10.0.40219.1
Project("{FAE04EC0-301F-11D3-BF4B-00C04F79EFBC}") = "ContatosApi", "ContatosApi.csproj", "{D8EAAA70-19E7-44DF-B9D9-2C6EF872AD12}"
EndProject
Project("{FAE04EC0-301F-11D3-BF4B-00C04F79EFBC}") = "ContatosApiTest", "..\ContatosApiTest\ContatosApiTest.csproj", "{30C05A56-E95B-45D5-8B8D-D853C4FFE5DB}"
EndProject
Global
	GlobalSection(SolutionConfigurationPlatforms) = preSolution
		Debug|Any CPU = Debug|Any CPU
		Release|Any CPU = Release|Any CPU
	EndGlobalSection
	GlobalSection(ProjectConfigurationPlatforms) = postSolution
		{D8EAAA70-19E7-44DF-B9D9-2C6EF872AD12}.Debug|Any CPU.ActiveCfg = Debug|Any CPU
		{D8EAAA70-19E7-44DF-B9D9-2C6EF872AD12}.Debug|Any CPU.Build.0 = Debug|Any CPU
		{D8EAAA70-19E7-44DF-B9D9-2C6EF872AD12}.Release|Any CPU.ActiveCfg = Release|Any CPU
		{D8EAAA70-19E7-44DF-B9D9-2C6EF872AD12}.Release|Any CPU.Build.0 = Release|Any CPU
		{30C05A56-E95B-45D5-8B8D-D853C4FFE5DB}.Debug|Any CPU.ActiveCfg = Debug|Any CPU
		{30C05A56-E95B-45D5-8B8D-D853C4FFE5DB}.Debug|Any CPU.Build.0 = Debug|Any CPU
		{30C05A56-E95B-45D5-8B8D-D853C4FFE5DB}.Release|Any CPU.ActiveCfg = Release|Any CPU
		{30C05A56-E95B-45D5-8B8D-D853C4FFE5DB}.Release|Any CPU.Build.0 = Release|Any CPU
	EndGlobalSection
	GlobalSection(SolutionProperties) = preSolution
		HideSolutionNode = FALSE
	EndGlobalSection
EndGlobal
